
Microsoft Visual Studio Solution File, Format Version 12.00
# Visual Studio Version 16
VisualStudioVersion = 16.0.31624.102
MinimumVisualStudioVersion = 10.0.40219.1
Project("{FAE04EC0-301F-11D3-BF4B-00C04F79EFBC}") = "RestWithASPNETUdemy.API", "RestWithASPNETUdemy.API\RestWithASPNETUdemy.API.csproj", "{6014511A-1406-420D-AFE5-87BE37CD3853}"
EndProject
Global
	GlobalSection(SolutionConfigurationPlatforms) = preSolution
		Debug|Any CPU = Debug|Any CPU
		Release|Any CPU = Release|Any CPU
	EndGlobalSection
	GlobalSection(ProjectConfigurationPlatforms) = postSolution
		{6014511A-1406-420D-AFE5-87BE37CD3853}.Debug|Any CPU.ActiveCfg = Debug|Any CPU
		{6014511A-1406-420D-AFE5-87BE37CD3853}.Debug|Any CPU.Build.0 = Debug|Any CPU
		{6014511A-1406-420D-AFE5-87BE37CD3853}.Release|Any CPU.ActiveCfg = Release|Any CPU
		{6014511A-1406-420D-AFE5-87BE37CD3853}.Release|Any CPU.Build.0 = Release|Any CPU
	EndGlobalSection
	GlobalSection(SolutionProperties) = preSolution
		HideSolutionNode = FALSE
	EndGlobalSection
	GlobalSection(ExtensibilityGlobals) = postSolution
		SolutionGuid = {2F304414-F351-497F-8966-DECED7F37DAB}
	EndGlobalSection
EndGlobal
